{
  "object": {
    "pins": [
      {
        "package": "CCurl",
        "repositoryURL": "https://github.com/IBM-Swift/CCurl.git",
        "state": {
          "branch": null,
          "revision": "2fbf646b215b87bc8b94409e5c171c585c5f940b",
          "version": "0.4.0"
        }
      },
      {
        "package": "CEpoll",
        "repositoryURL": "https://github.com/IBM-Swift/CEpoll.git",
        "state": {
          "branch": null,
          "revision": "111cbcb0d2485d9c7eb07596a6903622504961e5",
          "version": "0.1.0"
        }
      },
      {
        "package": "HeliumLogger",
        "repositoryURL": "https://github.com/IBM-Swift/HeliumLogger.git",
        "state": {
          "branch": null,
          "revision": "9b310ce5d126580028de665c914578d58e34b8ac",
          "version": "1.7.0"
        }
      },
      {
        "package": "Kitura",
        "repositoryURL": "https://github.com/IBM-Swift/Kitura.git",
        "state": {
          "branch": null,
          "revision": "a026ff1835afa6f9d96cc8841075318d0d6e9910",
          "version": "1.7.6"
        }
      },
      {
        "package": "Kitura-net",
        "repositoryURL": "https://github.com/IBM-Swift/Kitura-net.git",
        "state": {
          "branch": null,
          "revision": "b5c3b26321964978abb3b03230684a347a00a4b7",
          "version": "1.7.15"
        }
      },
      {
        "package": "Kitura-TemplateEngine",
        "repositoryURL": "https://github.com/IBM-Swift/Kitura-TemplateEngine.git",
        "state": {
          "branch": null,
          "revision": "c209801c7d53c347750d063e8950cb2ccbf6ed2b",
          "version": "1.7.1"
        }
      },
      {
        "package": "KituraHTTPTest",
        "repositoryURL": "https://github.com/nicholasjackson/kitura-http-test.git",
        "state": {
          "branch": null,
          "revision": "e4e0c6b7a23cefa89987b9b6cf9524bfbefb46a1",
          "version": "0.2.0"
        }
      },
      {
        "package": "LoggerAPI",
        "repositoryURL": "https://github.com/IBM-Swift/LoggerAPI.git",
        "state": {
          "branch": null,
          "revision": "51bca3a997a299ab7291c62bf91ec9c8e299f42a",
          "version": "1.7.0"
        }
      },
      {
        "package": "MySQL",
        "repositoryURL": "https://github.com/jarrodparkes/swift-mysql.git",
        "state": {
          "branch": "master",
          "revision": "237762dcee6186b0ebe67ee13448b5c0abe9739f",
          "version": null
        }
      },
      {
        "package": "OpenSSL",
        "repositoryURL": "https://github.com/IBM-Swift/OpenSSL.git",
        "state": {
          "branch": null,
          "revision": "740ca278df3f4698698810c6aabf3c6d09d682d6",
          "version": "0.3.6"
        }
      },
      {
        "package": "Signals",
        "repositoryURL": "https://github.com/IBM-Swift/BlueSignals.git",
        "state": {
          "branch": null,
          "revision": "99ac410f8ad4a75f0ec9a9d72512d5028e804253",
          "version": "0.9.48"
        }
      },
      {
        "package": "Socket",
        "repositoryURL": "https://github.com/IBM-Swift/BlueSocket.git",
        "state": {
          "branch": null,
          "revision": "632e6cd9edd61fd695bb537f2c676af7aad5c336",
          "version": "0.12.57"
        }
      },
      {
        "package": "SSLService",
        "repositoryURL": "https://github.com/IBM-Swift/BlueSSLService.git",
        "state": {
          "branch": null,
          "revision": "9f5d0b37b7856c502873223544f37689484778bc",
          "version": "0.12.47"
        }
      },
      {
        "package": "swift-libmysql",
        "repositoryURL": "https://github.com/nicholasjackson/swift-libmysql",
        "state": {
          "branch": null,
          "revision": "7354cab9c38aa016a8bb07a9678f64878b4d5752",
          "version": "0.1.0"
        }
      },
      {
        "package": "SwiftyJSON",
        "repositoryURL": "https://github.com/IBM-Swift/SwiftyJSON.git",
        "state": {
          "branch": null,
          "revision": "4c57d4680e2b3d7be0e7c36737f99b6b36f09aac",
          "version": "16.0.1"
        }
      }
    ]
  },
  "version": 1
}
